{
  "name": "docs",
  "lockfileVersion": 2,
  "requires": true,
  "packages": {
    "": {
      "dependencies": {
        "md-block": "^0.0.1"
      }
    },
    "node_modules/md-block": {
      "version": "0.0.1",
      "resolved": "https://registry.npmjs.org/md-block/-/md-block-0.0.1.tgz",
      "integrity": "sha512-uXAp27jR+ztgoWyQfaktpWYNbknlpzmeYfIkeYGwGjkZDXTcWmom9eVgUsjEn4/I9evLdfydWB0PIzHq9VjUwg=="
    }
  },
  "dependencies": {
    "md-block": {
      "version": "0.0.1",
      "resolved": "https://registry.npmjs.org/md-block/-/md-block-0.0.1.tgz",
      "integrity": "sha512-uXAp27jR+ztgoWyQfaktpWYNbknlpzmeYfIkeYGwGjkZDXTcWmom9eVgUsjEn4/I9evLdfydWB0PIzHq9VjUwg=="
    }
  }
}
